// !$*UTF8*$!
{
	archiveVersion = 1;
	classes = {
	};
	objectVersion = 48;
	objects = {

/* Begin PBXBuildFile section */
		05A8BD64215A893200909886 /* SupportCode.swift in Sources */ = {isa = PBXBuildFile; fileRef = 05A8BD63215A893200909886 /* SupportCode.swift */; };
		05C3254A2173A49A00669E93 /* ProductListViewController.swift in Sources */ = {isa = PBXBuildFile; fileRef = 05C325492173A49A00669E93 /* ProductListViewController.swift */; };
		05C3254C2173A74D00669E93 /* Product.swift in Sources */ = {isa = PBXBuildFile; fileRef = 05C3254B2173A74D00669E93 /* Product.swift */; };
		05DEE7962171E5EB00C5BDCC /* Second.swift in Sources */ = {isa = PBXBuildFile; fileRef = 05DEE7942171E5EB00C5BDCC /* Second.swift */; };
		05DEE7972171E5EB00C5BDCC /* Second.xib in Resources */ = {isa = PBXBuildFile; fileRef = 05DEE7952171E5EB00C5BDCC /* Second.xib */; };
		05FB670C2152B08C006DDE13 /* AppDelegate.swift in Sources */ = {isa = PBXBuildFile; fileRef = 05FB670B2152B08C006DDE13 /* AppDelegate.swift */; };
		05FB670E2152B08C006DDE13 /* ViewController.swift in Sources */ = {isa = PBXBuildFile; fileRef = 05FB670D2152B08C006DDE13 /* ViewController.swift */; };
		05FB67112152B08C006DDE13 /* Main.storyboard in Resources */ = {isa = PBXBuildFile; fileRef = 05FB670F2152B08C006DDE13 /* Main.storyboard */; };
		05FB67132152B08C006DDE13 /* Assets.xcassets in Resources */ = {isa = PBXBuildFile; fileRef = 05FB67122152B08C006DDE13 /* Assets.xcassets */; };
		05FB67162152B08C006DDE13 /* LaunchScreen.storyboard in Resources */ = {isa = PBXBuildFile; fileRef = 05FB67142152B08C006DDE13 /* LaunchScreen.storyboard */; };
		2735A69AE0464C08E4C996C3 /* Pods_ReviewSwift.framework in Frameworks */ = {isa = PBXBuildFile; fileRef = 87F3905F4A0831953889E6F5 /* Pods_ReviewSwift.framework */; };
/* End PBXBuildFile section */

/* Begin PBXFileReference section */
		05A8BD63215A893200909886 /* SupportCode.swift */ = {isa = PBXFileReference; lastKnownFileType = sourcecode.swift; path = SupportCode.swift; sourceTree = "<group>"; };
		05C325492173A49A00669E93 /* ProductListViewController.swift */ = {isa = PBXFileReference; lastKnownFileType = sourcecode.swift; path = ProductListViewController.swift; sourceTree = "<group>"; };
		05C3254B2173A74D00669E93 /* Product.swift */ = {isa = PBXFileReference; lastKnownFileType = sourcecode.swift; path = Product.swift; sourceTree = "<group>"; };
		05DEE7942171E5EB00C5BDCC /* Second.swift */ = {isa = PBXFileReference; lastKnownFileType = sourcecode.swift; path = Second.swift; sourceTree = "<group>"; };
		05DEE7952171E5EB00C5BDCC /* Second.xib */ = {isa = PBXFileReference; lastKnownFileType = file.xib; path = Second.xib; sourceTree = "<group>"; };
		05FB67082152B08C006DDE13 /* ReviewSwift.app */ = {isa = PBXFileReference; explicitFileType = wrapper.application; includeInIndex = 0; path = ReviewSwift.app; sourceTree = BUILT_PRODUCTS_DIR; };
		05FB670B2152B08C006DDE13 /* AppDelegate.swift */ = {isa = PBXFileReference; lastKnownFileType = sourcecode.swift; path = AppDelegate.swift; sourceTree = "<group>"; };
		05FB670D2152B08C006DDE13 /* ViewController.swift */ = {isa = PBXFileReference; lastKnownFileType = sourcecode.swift; path = ViewController.swift; sourceTree = "<group>"; };
		05FB67102152B08C006DDE13 /* Base */ = {isa = PBXFileReference; lastKnownFileType = file.storyboard; name = Base; path = Base.lproj/Main.storyboard; sourceTree = "<group>"; };
		05FB67122152B08C006DDE13 /* Assets.xcassets */ = {isa = PBXFileReference; lastKnownFileType = folder.assetcatalog; path = Assets.xcassets; sourceTree = "<group>"; };
		05FB67152152B08C006DDE13 /* Base */ = {isa = PBXFileReference; lastKnownFileType = file.storyboard; name = Base; path = Base.lproj/LaunchScreen.storyboard; sourceTree = "<group>"; };
		05FB67172152B08C006DDE13 /* Info.plist */ = {isa = PBXFileReference; lastKnownFileType = text.plist.xml; path = Info.plist; sourceTree = "<group>"; };
		87F3905F4A0831953889E6F5 /* Pods_ReviewSwift.framework */ = {isa = PBXFileReference; explicitFileType = wrapper.framework; includeInIndex = 0; path = Pods_ReviewSwift.framework; sourceTree = BUILT_PRODUCTS_DIR; };
		AE520C8E929529CF77122374 /* Pods-ReviewSwift.release.xcconfig */ = {isa = PBXFileReference; includeInIndex = 1; lastKnownFileType = text.xcconfig; name = "Pods-ReviewSwift.release.xcconfig"; path = "Pods/Target Support Files/Pods-ReviewSwift/Pods-ReviewSwift.release.xcconfig"; sourceTree = "<group>"; };
		B816A986A6535C17E9377BA2 /* Pods-ReviewSwift.debug.xcconfig */ = {isa = PBXFileReference; includeInIndex = 1; lastKnownFileType = text.xcconfig; name = "Pods-ReviewSwift.debug.xcconfig"; path = "Pods/Target Support Files/Pods-ReviewSwift/Pods-ReviewSwift.debug.xcconfig"; sourceTree = "<group>"; };
/* End PBXFileReference section */

/* Begin PBXFrameworksBuildPhase section */
		05FB67052152B08C006DDE13 /* Frameworks */ = {
			isa = PBXFrameworksBuildPhase;
			buildActionMask = 2147483647;
			files = (
				2735A69AE0464C08E4C996C3 /* Pods_ReviewSwift.framework in Frameworks */,
			);
			runOnlyForDeploymentPostprocessing = 0;
		};
/* End PBXFrameworksBuildPhase section */

/* Begin PBXGroup section */
		05FB66FF2152B08B006DDE13 = {
			isa = PBXGroup;
			children = (
				05FB670A2152B08C006DDE13 /* ReviewSwift */,
				05FB67092152B08C006DDE13 /* Products */,
				DD2905A8488483271D736160 /* Pods */,
				5C80A054B9308817EBE21182 /* Frameworks */,
			);
			sourceTree = "<group>";
		};
		05FB67092152B08C006DDE13 /* Products */ = {
			isa = PBXGroup;
			children = (
				05FB67082152B08C006DDE13 /* ReviewSwift.app */,
			);
			name = Products;
			sourceTree = "<group>";
		};
		05FB670A2152B08C006DDE13 /* ReviewSwift */ = {
			isa = PBXGroup;
			children = (
				05FB670B2152B08C006DDE13 /* AppDelegate.swift */,
				05FB670D2152B08C006DDE13 /* ViewController.swift */,
				05FB670F2152B08C006DDE13 /* Main.storyboard */,
				05FB67122152B08C006DDE13 /* Assets.xcassets */,
				05FB67142152B08C006DDE13 /* LaunchScreen.storyboard */,
				05FB67172152B08C006DDE13 /* Info.plist */,
				05A8BD63215A893200909886 /* SupportCode.swift */,
				05DEE7942171E5EB00C5BDCC /* Second.swift */,
				05DEE7952171E5EB00C5BDCC /* Second.xib */,
				05C325492173A49A00669E93 /* ProductListViewController.swift */,
				05C3254B2173A74D00669E93 /* Product.swift */,
			);
			path = ReviewSwift;
			sourceTree = "<group>";
		};
		5C80A054B9308817EBE21182 /* Frameworks */ = {
			isa = PBXGroup;
			children = (
				87F3905F4A0831953889E6F5 /* Pods_ReviewSwift.framework */,
			);
			name = Frameworks;
			sourceTree = "<group>";
		};
		DD2905A8488483271D736160 /* Pods */ = {
			isa = PBXGroup;
			children = (
				B816A986A6535C17E9377BA2 /* Pods-ReviewSwift.debug.xcconfig */,
				AE520C8E929529CF77122374 /* Pods-ReviewSwift.release.xcconfig */,
			);
			name = Pods;
			sourceTree = "<group>";
		};
/* End PBXGroup section */

/* Begin PBXNativeTarget section */
		05FB67072152B08C006DDE13 /* ReviewSwift */ = {
			isa = PBXNativeTarget;
			buildConfigurationList = 05FB671A2152B08C006DDE13 /* Build configuration list for PBXNativeTarget "ReviewSwift" */;
			buildPhases = (
				332E8C6AB83B8001CF0FE33E /* [CP] Check Pods Manifest.lock */,
				05FB67042152B08C006DDE13 /* Sources */,
				05FB67052152B08C006DDE13 /* Frameworks */,
				05FB67062152B08C006DDE13 /* Resources */,
				8C771E83DD523D7B2B8BC7AF /* [CP] Embed Pods Frameworks */,
				C784BDA7B8709EB9B5BC3A2D /* [CP] Copy Pods Resources */,
			);
			buildRules = (
			);
			dependencies = (
			);
			name = ReviewSwift;
			productName = ReviewSwift;
			productReference = 05FB67082152B08C006DDE13 /* ReviewSwift.app */;
			productType = "com.apple.product-type.application";
		};
/* End PBXNativeTarget section */

/* Begin PBXProject section */
		05FB67002152B08B006DDE13 /* Project object */ = {
			isa = PBXProject;
			attributes = {
				LastSwiftUpdateCheck = 0920;
				LastUpgradeCheck = 0920;
				ORGANIZATIONNAME = Apple;
				TargetAttributes = {
					05FB67072152B08C006DDE13 = {
						CreatedOnToolsVersion = 9.2;
						ProvisioningStyle = Automatic;
					};
				};
			};
			buildConfigurationList = 05FB67032152B08C006DDE13 /* Build configuration list for PBXProject "ReviewSwift" */;
			compatibilityVersion = "Xcode 8.0";
			developmentRegion = en;
			hasScannedForEncodings = 0;
			knownRegions = (
				en,
				Base,
			);
			mainGroup = 05FB66FF2152B08B006DDE13;
			productRefGroup = 05FB67092152B08C006DDE13 /* Products */;
			projectDirPath = "";
			projectRoot = "";
			targets = (
				05FB67072152B08C006DDE13 /* ReviewSwift */,
			);
		};
/* End PBXProject section */

/* Begin PBXResourcesBuildPhase section */
		05FB67062152B08C006DDE13 /* Resources */ = {
			isa = PBXResourcesBuildPhase;
			buildActionMask = 2147483647;
			files = (
				05FB67162152B08C006DDE13 /* LaunchScreen.storyboard in Resources */,
				05FB67132152B08C006DDE13 /* Assets.xcassets in Resources */,
				05FB67112152B08C006DDE13 /* Main.storyboard in Resources */,
				05DEE7972171E5EB00C5BDCC /* Second.xib in Resources */,
			);
			runOnlyForDeploymentPostprocessing = 0;
		};
/* End PBXResourcesBuildPhase section */

/* Begin PBXShellScriptBuildPhase section */
		332E8C6AB83B8001CF0FE33E /* [CP] Check Pods Manifest.lock */ = {
			isa = PBXShellScriptBuildPhase;
			buildActionMask = 2147483647;
			files = (
			);
			inputPaths = (
			);
			name = "[CP] Check Pods Manifest.lock";
			outputPaths = (
			);
			runOnlyForDeploymentPostprocessing = 0;
			shellPath = /bin/sh;
			shellScript = "diff \"${PODS_PODFILE_DIR_PATH}/Podfile.lock\" \"${PODS_ROOT}/Manifest.lock\" > /dev/null\nif [ $? != 0 ] ; then\n    # print error to STDERR\n    echo \"error: The sandbox is not in sync with the Podfile.lock. Run 'pod install' or update your CocoaPods installation.\" >&2\n    exit 1\nfi\n";
			showEnvVarsInLog = 0;
		};
		8C771E83DD523D7B2B8BC7AF /* [CP] Embed Pods Frameworks */ = {
			isa = PBXShellScriptBuildPhase;
			buildActionMask = 2147483647;
			files = (
			);
			inputPaths = (
			);
			name = "[CP] Embed Pods Frameworks";
			outputPaths = (
			);
			runOnlyForDeploymentPostprocessing = 0;
			shellPath = /bin/sh;
			shellScript = "\"${SRCROOT}/Pods/Target Support Files/Pods-ReviewSwift/Pods-ReviewSwift-frameworks.sh\"\n";
			showEnvVarsInLog = 0;
		};
		C784BDA7B8709EB9B5BC3A2D /* [CP] Copy Pods Resources */ = {
			isa = PBXShellScriptBuildPhase;
			buildActionMask = 2147483647;
			files = (
			);
			inputPaths = (
			);
			name = "[CP] Copy Pods Resources";
			outputPaths = (
			);
			runOnlyForDeploymentPostprocessing = 0;
			shellPath = /bin/sh;
			shellScript = "\"${SRCROOT}/Pods/Target Support Files/Pods-ReviewSwift/Pods-ReviewSwift-resources.sh\"\n";
			showEnvVarsInLog = 0;
		};
/* End PBXShellScriptBuildPhase section */

/* Begin PBXSourcesBuildPhase section */
		05FB67042152B08C006DDE13 /* Sources */ = {
			isa = PBXSourcesBuildPhase;
			buildActionMask = 2147483647;
			files = (
				05FB670E2152B08C006DDE13 /* ViewController.swift in Sources */,
				05C3254A2173A49A00669E93 /* ProductListViewController.swift in Sources */,
				05FB670C2152B08C006DDE13 /* AppDelegate.swift in Sources */,
				05A8BD64215A893200909886 /* SupportCode.swift in Sources */,
				05DEE7962171E5EB00C5BDCC /* Second.swift in Sources */,
				05C3254C2173A74D00669E93 /* Product.swift in Sources */,
			);
			runOnlyForDeploymentPostprocessing = 0;
		};
/* End PBXSourcesBuildPhase section */

/* Begin PBXVariantGroup section */
		05FB670F2152B08C006DDE13 /* Main.storyboard */ = {
			isa = PBXVariantGroup;
			children = (
				05FB67102152B08C006DDE13 /* Base */,
			);
			name = Main.storyboard;
			sourceTree = "<group>";
		};
		05FB67142152B08C006DDE13 /* LaunchScreen.storyboard */ = {
			isa = PBXVariantGroup;
			children = (
				05FB67152152B08C006DDE13 /* Base */,
			);
			name = LaunchScreen.storyboard;
			sourceTree = "<group>";
		};
/* End PBXVariantGroup section */

/* Begin XCBuildConfiguration section */
		05FB67182152B08C006DDE13 /* Debug */ = {
			isa = XCBuildConfiguration;
			buildSettings = {
				ALWAYS_SEARCH_USER_PATHS = NO;
				CLANG_ANALYZER_NONNULL = YES;
				CLANG_ANALYZER_NUMBER_OBJECT_CONVERSION = YES_AGGRESSIVE;
				CLANG_CXX_LANGUAGE_STANDARD = "gnu++14";
				CLANG_CXX_LIBRARY = "libc++";
				CLANG_ENABLE_MODULES = YES;
				CLANG_ENABLE_OBJC_ARC = YES;
				CLANG_WARN_BLOCK_CAPTURE_AUTORELEASING = YES;
				CLANG_WARN_BOOL_CONVERSION = YES;
				CLANG_WARN_COMMA = YES;
				CLANG_WARN_CONSTANT_CONVERSION = YES;
				CLANG_WARN_DIRECT_OBJC_ISA_USAGE = YES_ERROR;
				CLANG_WARN_DOCUMENTATION_COMMENTS = YES;
				CLANG_WARN_EMPTY_BODY = YES;
				CLANG_WARN_ENUM_CONVERSION = YES;
				CLANG_WARN_INFINITE_RECURSION = YES;
				CLANG_WARN_INT_CONVERSION = YES;
				CLANG_WARN_NON_LITERAL_NULL_CONVERSION = YES;
				CLANG_WARN_OBJC_LITERAL_CONVERSION = YES;
				CLANG_WARN_OBJC_ROOT_CLASS = YES_ERROR;
				CLANG_WARN_RANGE_LOOP_ANALYSIS = YES;
				CLANG_WARN_STRICT_PROTOTYPES = YES;
				CLANG_WARN_SUSPICIOUS_MOVE = YES;
				CLANG_WARN_UNGUARDED_AVAILABILITY = YES_AGGRESSIVE;
				CLANG_WARN_UNREACHABLE_CODE = YES;
				CLANG_WARN__DUPLICATE_METHOD_MATCH = YES;
				CODE_SIGN_IDENTITY = "iPhone Developer";
				COPY_PHASE_STRIP = NO;
				DEBUG_INFORMATION_FORMAT = dwarf;
				ENABLE_STRICT_OBJC_MSGSEND = YES;
				ENABLE_TESTABILITY = YES;
				GCC_C_LANGUAGE_STANDARD = gnu11;
				GCC_DYNAMIC_NO_PIC = NO;
				GCC_NO_COMMON_BLOCKS = YES;
				GCC_OPTIMIZATION_LEVEL = 0;
				GCC_PREPROCESSOR_DEFINITIONS = (
					"DEBUG=1",
					"$(inherited)",
				);
				GCC_WARN_64_TO_32_BIT_CONVERSION = YES;
				GCC_WARN_ABOUT_RETURN_TYPE = YES_ERROR;
				GCC_WARN_UNDECLARED_SELECTOR = YES;
				GCC_WARN_UNINITIALIZED_AUTOS = YES_AGGRESSIVE;
				GCC_WARN_UNUSED_FUNCTION = YES;
				GCC_WARN_UNUSED_VARIABLE = YES;
				IPHONEOS_DEPLOYMENT_TARGET = 11.2;
				MTL_ENABLE_DEBUG_INFO = YES;
				ONLY_ACTIVE_ARCH = YES;
				SDKROOT = iphoneos;
				SWIFT_ACTIVE_COMPILATION_CONDITIONS = DEBUG;
				SWIFT_OPTIMIZATION_LEVEL = "-Onone";
			};
			name = Debug;
		};
		05FB67192152B08C006DDE13 /* Release */ = {
			isa = XCBuildConfiguration;
			buildSettings = {
				ALWAYS_SEARCH_USER_PATHS = NO;
				CLANG_ANALYZER_NONNULL = YES;
				CLANG_ANALYZER_NUMBER_OBJECT_CONVERSION = YES_AGGRESSIVE;
				CLANG_CXX_LANGUAGE_STANDARD = "gnu++14";
				CLANG_CXX_LIBRARY = "libc++";
				CLANG_ENABLE_MODULES = YES;
				CLANG_ENABLE_OBJC_ARC = YES;
				CLANG_WARN_BLOCK_CAPTURE_AUTORELEASING = YES;
				CLANG_WARN_BOOL_CONVERSION = YES;
				CLANG_WARN_COMMA = YES;
				CLANG_WARN_CONSTANT_CONVERSION = YES;
				CLANG_WARN_DIRECT_OBJC_ISA_USAGE = YES_ERROR;
				CLANG_WARN_DOCUMENTATION_COMMENTS = YES;
				CLANG_WARN_EMPTY_BODY = YES;
				CLANG_WARN_ENUM_CONVERSION = YES;
				CLANG_WARN_INFINITE_RECURSION = YES;
				CLANG_WARN_INT_CONVERSION = YES;
				CLANG_WARN_NON_LITERAL_NULL_CONVERSION = YES;
				CLANG_WARN_OBJC_LITERAL_CONVERSION = YES;
				CLANG_WARN_OBJC_ROOT_CLASS = YES_ERROR;
				CLANG_WARN_RANGE_LOOP_ANALYSIS = YES;
				CLANG_WARN_STRICT_PROTOTYPES = YES;
				CLANG_WARN_SUSPICIOUS_MOVE = YES;
				CLANG_WARN_UNGUARDED_AVAILABILITY = YES_AGGRESSIVE;
				CLANG_WARN_UNREACHABLE_CODE = YES;
				CLANG_WARN__DUPLICATE_METHOD_MATCH = YES;
				CODE_SIGN_IDENTITY = "iPhone Developer";
				COPY_PHASE_STRIP = NO;
				DEBUG_INFORMATION_FORMAT = "dwarf-with-dsym";
				ENABLE_NS_ASSERTIONS = NO;
				ENABLE_STRICT_OBJC_MSGSEND = YES;
				GCC_C_LANGUAGE_STANDARD = gnu11;
				GCC_NO_COMMON_BLOCKS = YES;
				GCC_WARN_64_TO_32_BIT_CONVERSION = YES;
				GCC_WARN_ABOUT_RETURN_TYPE = YES_ERROR;
				GCC_WARN_UNDECLARED_SELECTOR = YES;
				GCC_WARN_UNINITIALIZED_AUTOS = YES_AGGRESSIVE;
				GCC_WARN_UNUSED_FUNCTION = YES;
				GCC_WARN_UNUSED_VARIABLE = YES;
				IPHONEOS_DEPLOYMENT_TARGET = 11.2;
				MTL_ENABLE_DEBUG_INFO = NO;
				SDKROOT = iphoneos;
				SWIFT_OPTIMIZATION_LEVEL = "-Owholemodule";
				VALIDATE_PRODUCT = YES;
			};
			name = Release;
		};
		05FB671B2152B08C006DDE13 /* Debug */ = {
			isa = XCBuildConfiguration;
			baseConfigurationReference = B816A986A6535C17E9377BA2 /* Pods-ReviewSwift.debug.xcconfig */;
			buildSettings = {
				ASSETCATALOG_COMPILER_APPICON_NAME = AppIcon;
				CODE_SIGN_STYLE = Automatic;
				DEVELOPMENT_TEAM = 93BL5C62Y9;
				INFOPLIST_FILE = ReviewSwift/Info.plist;
				LD_RUNPATH_SEARCH_PATHS = "$(inherited) @executable_path/Frameworks";
				PRODUCT_BUNDLE_IDENTIFIER = ledung.ReviewSwift;
				PRODUCT_NAME = "$(TARGET_NAME)";
				SWIFT_VERSION = 4.0;
				TARGETED_DEVICE_FAMILY = "1,2";
			};
			name = Debug;
		};
		05FB671C2152B08C006DDE13 /* Release */ = {
			isa = XCBuildConfiguration;
			baseConfigurationReference = AE520C8E929529CF77122374 /* Pods-ReviewSwift.release.xcconfig */;
			buildSettings = {
				ASSETCATALOG_COMPILER_APPICON_NAME = AppIcon;
				CODE_SIGN_STYLE = Automatic;
				DEVELOPMENT_TEAM = 93BL5C62Y9;
				INFOPLIST_FILE = ReviewSwift/Info.plist;
				LD_RUNPATH_SEARCH_PATHS = "$(inherited) @executable_path/Frameworks";
				PRODUCT_BUNDLE_IDENTIFIER = ledung.ReviewSwift;
				PRODUCT_NAME = "$(TARGET_NAME)";
				SWIFT_VERSION = 4.0;
				TARGETED_DEVICE_FAMILY = "1,2";
			};
			name = Release;
		};
/* End XCBuildConfiguration section */

/* Begin XCConfigurationList section */
		05FB67032152B08C006DDE13 /* Build configuration list for PBXProject "ReviewSwift" */ = {
			isa = XCConfigurationList;
			buildConfigurations = (
				05FB67182152B08C006DDE13 /* Debug */,
				05FB67192152B08C006DDE13 /* Release */,
			);
			defaultConfigurationIsVisible = 0;
			defaultConfigurationName = Release;
		};
		05FB671A2152B08C006DDE13 /* Build configuration list for PBXNativeTarget "ReviewSwift" */ = {
			isa = XCConfigurationList;
			buildConfigurations = (
				05FB671B2152B08C006DDE13 /* Debug */,
				05FB671C2152B08C006DDE13 /* Release */,
			);
			defaultConfigurationIsVisible = 0;
			defaultConfigurationName = Release;
		};
/* End XCConfigurationList section */
	};
	rootObject = 05FB67002152B08B006DDE13 /* Project object */;
}
